{
  "name": "jekyll-serif-theme-master",
  "lockfileVersion": 2,
  "requires": true,
  "packages": {
    "": {
      "dependencies": {
        "sql.js": "^1.7.0"
      }
    },
    "node_modules/sql.js": {
      "version": "1.7.0",
      "resolved": "https://registry.npmjs.org/sql.js/-/sql.js-1.7.0.tgz",
      "integrity": "sha512-qAfft3xkSgHqmmfNugWTp/59PsqIw8gbeao5TZmpmzQQsAJ49de3iDDKuxVixidYs6dkHNksY8m27v2dZNn2jw=="
    }
  },
  "dependencies": {
    "sql.js": {
      "version": "1.7.0",
      "resolved": "https://registry.npmjs.org/sql.js/-/sql.js-1.7.0.tgz",
      "integrity": "sha512-qAfft3xkSgHqmmfNugWTp/59PsqIw8gbeao5TZmpmzQQsAJ49de3iDDKuxVixidYs6dkHNksY8m27v2dZNn2jw=="
    }
  }
}
